version = 1
revision = 3
requires-python = "==3.13.*"
resolution-markers = [
    "sys_platform != 'darwin'",
    "sys_platform == 'darwin'",
]

[[package]]
name = "filelock"
version = "3.25.2"
source = { registry = "https://download.pytorch.org/whl/cpu" }
sdist = { url = "https://files.pythonhosted.org/packages/94/b8/00651a0f559862f3bb7d6f7477b192afe3f583cc5e26403b44e59a55ab34/filelock-3.25.2.tar.gz", hash = "sha256:b64ece2b38f4ca29dd3e810287aa8c48182bbecd1ae6e9ae126c9b35f1382694" }
wheels = [
    { url = "https://files.pythonhosted.org/packages/a4/a5/842ae8f0c08b61d6484b52f99a03510a3a72d23141942d216ebe81fefbce/filelock-3.25.2-py3-none-any.whl", hash = "sha256:ca8afb0da15f229774c9ad1b455ed96e85a81373065fb10446672f64444ddf70" },
]

[[package]]
name = "fsspec"
version = "2026.2.0"
source = { registry = "https://download.pytorch.org/whl/cpu" }
sdist = { url = "https://files.pythonhosted.org/packages/51/7c/f60c259dcbf4f0c47cc4ddb8f7720d2dcdc8888c8e5ad84c73ea4531cc5b/fsspec-2026.2.0.tar.gz", hash = "sha256:6544e34b16869f5aacd5b90bdf1a71acb37792ea3ddf6125ee69a22a53fb8bff" }
wheels = [
    { url = "https://files.pythonhosted.org/packages/e6/ab/fb21f4c939bb440104cc2b396d3be1d9b7a9fd3c6c2a53d98c45b3d7c954/fsspec-2026.2.0-py3-none-any.whl", hash = "sha256:98de475b5cb3bd66bedd5c4679e87b4fdfe1a3bf4d707b151b3c07e58c9a2437" },
]

[[package]]
name = "jinja2"
version = "3.1.6"
source = { registry = "https://download.pytorch.org/whl/cpu" }
dependencies = [
    { name = "markupsafe" },
]
wheels = [
    { url = "https://download.pytorch.org/whl/jinja2-3.1.6-py3-none-any.whl", upload-time = "2025-10-14T18:38:59Z" },
]

[[package]]
name = "markupsafe"
version = "3.0.3"
source = { registry = "https://download.pytorch.org/whl/cpu" }
wheels = [
    { url = "https://download.pytorch.org/whl/markupsafe-3.0.3-cp313-cp313-macosx_11_0_arm64.whl", upload-time = "2026-03-27T13:54:35Z" },
    { url = "https://download.pytorch.org/whl/markupsafe-3.0.3-cp313-cp313-manylinux2014_aarch64.manylinux_2_17_aarch64.manylinux_2_28_aarch64.whl", upload-time = "2026-03-27T13:54:37Z" },
    { url = "https://download.pytorch.org/whl/markupsafe-3.0.3-cp313-cp313-manylinux2014_x86_64.manylinux_2_17_x86_64.manylinux_2_28_x86_64.whl", upload-time = "2026-03-27T13:54:37Z" },
    { url = "https://download.pytorch.org/whl/markupsafe-3.0.3-cp313-cp313-win_amd64.whl", upload-time = "2026-03-27T13:54:39Z" },
    { url = "https://download.pytorch.org/whl/markupsafe-3.0.3-cp313-cp313t-macosx_11_0_arm64.whl", upload-time = "2026-03-27T13:54:39Z" },
    { url = "https://download.pytorch.org/whl/markupsafe-3.0.3-cp313-cp313t-manylinux2014_aarch64.manylinux_2_17_aarch64.manylinux_2_28_aarch64.whl", upload-time = "2026-03-27T13:54:39Z" },
    { url = "https://download.pytorch.org/whl/markupsafe-3.0.3-cp313-cp313t-manylinux2014_x86_64.manylinux_2_17_x86_64.manylinux_2_28_x86_64.whl", upload-time = "2026-03-27T13:54:41Z" },
    { url = "https://download.pytorch.org/whl/markupsafe-3.0.3-cp313-cp313t-win_amd64.whl", upload-time = "2026-03-27T13:54:41Z" },
]

[[package]]
name = "mpmath"
version = "1.3.0"
source = { registry = "https://download.pytorch.org/whl/cpu" }
sdist = { url = "https://files.pythonhosted.org/packages/e0/47/dd32fa426cc72114383ac549964eecb20ecfd886d1e5ccf5340b55b02f57/mpmath-1.3.0.tar.gz", hash = "sha256:7a28eb2a9774d00c7bc92411c19a89209d5da7c4c9a9e227be8330a23a25b91f" }
wheels = [
    { url = "https://files.pythonhosted.org/packages/43/e3/7d92a15f894aa0c9c4b49b8ee9ac9850d6e63b03c9c32c0367a13ae62209/mpmath-1.3.0-py3-none-any.whl", hash = "sha256:a0b2b9fe80bbcd81a6647ff13108738cfb482d481d826cc0e02f5b35e5c88d2c" },
]

[[package]]
name = "networkx"
version = "3.6.1"
source = { registry = "https://download.pytorch.org/whl/cpu" }
sdist = { url = "https://files.pythonhosted.org/packages/6a/51/63fe664f3908c97be9d2e4f1158eb633317598cfa6e1fc14af5383f17512/networkx-3.6.1.tar.gz", hash = "sha256:26b7c357accc0c8cde558ad486283728b65b6a95d85ee1cd66bafab4c8168509" }
wheels = [
    { url = "https://files.pythonhosted.org/packages/9e/c9/b2622292ea83fbb4ec318f5b9ab867d0a28ab43c5717bb85b0a5f6b3b0a4/networkx-3.6.1-py3-none-any.whl", hash = "sha256:d47fbf302e7d9cbbb9e2555a0d267983d2aa476bac30e90dfbe5669bd57f3762" },
]

[[package]]
name = "numpy"
version = "2.4.3"
source = { registry = "https://download.pytorch.org/whl/cpu" }
sdist = { url = "https://files.pythonhosted.org/packages/10/8b/c265f4823726ab832de836cdd184d0986dcf94480f81e8739692a7ac7af2/numpy-2.4.3.tar.gz", hash = "sha256:483a201202b73495f00dbc83796c6ae63137a9bdade074f7648b3e32613412dd" }
wheels = [
    { url = "https://files.pythonhosted.org/packages/b6/d0/1fe47a98ce0df229238b77611340aff92d52691bcbc10583303181abf7fc/numpy-2.4.3-cp313-cp313-macosx_10_13_x86_64.whl", hash = "sha256:b346845443716c8e542d54112966383b448f4a3ba5c66409771b8c0889485dd3" },
    { url = "https://files.pythonhosted.org/packages/27/d9/4e7c3f0e68dfa91f21c6fb6cf839bc829ec920688b1ce7ec722b1a6202fb/numpy-2.4.3-cp313-cp313-macosx_11_0_arm64.whl", hash = "sha256:2629289168f4897a3c4e23dc98d6f1731f0fc0fe52fb9db19f974041e4cc12b9" },
    { url = "https://files.pythonhosted.org/packages/3a/66/bd096b13a87549683812b53ab211e6d413497f84e794fb3c39191948da97/numpy-2.4.3-cp313-cp313-macosx_14_0_arm64.whl", hash = "sha256:bb2e3cf95854233799013779216c57e153c1ee67a0bf92138acca0e429aefaee" },
    { url = "https://files.pythonhosted.org/packages/a2/2f/687722910b5a5601de2135c891108f51dfc873d8e43c8ed9f4ebb440b4a2/numpy-2.4.3-cp313-cp313-macosx_14_0_x86_64.whl", hash = "sha256:7f3408ff897f8ab07a07fbe2823d7aee6ff644c097cc1f90382511fe982f647f" },
    { url = "https://files.pythonhosted.org/packages/bf/ec/7971c4e98d86c564750393fab8d7d83d0a9432a9d78bb8a163a6dc59967a/numpy-2.4.3-cp313-cp313-manylinux_2_27_aarch64.manylinux_2_28_aarch64.whl", hash = "sha256:decb0eb8a53c3b009b0962378065589685d66b23467ef5dac16cbe818afde27f" },
    { url = "https://files.pythonhosted.org/packages/7e/eb/7daecbea84ec935b7fc732e18f532073064a3816f0932a40a17f3349185f/numpy-2.4.3-cp313-cp313-manylinux_2_27_x86_64.manylinux_2_28_x86_64.whl", hash = "sha256:d5f51900414fc9204a0e0da158ba2ac52b75656e7dce7e77fb9f84bfa343b4cc" },
    { url = "https://files.pythonhosted.org/packages/df/58/2a2b4a817ffd7472dca4421d9f0776898b364154e30c95f42195041dc03b/numpy-2.4.3-cp313-cp313-musllinux_1_2_aarch64.whl", hash = "sha256:6bd06731541f89cdc01b261ba2c9e037f1543df7472517836b78dfb15bd6e476" },
    { url = "https://files.pythonhosted.org/packages/4a/ca/627a828d44e78a418c55f82dd4caea8ea4a8ef24e5144d9e71016e52fb40/numpy-2.4.3-cp313-cp313-musllinux_1_2_x86_64.whl", hash = "sha256:22654fe6be0e5206f553a9250762c653d3698e46686eee53b399ab90da59bd92" },
    { url = "https://files.pythonhosted.org/packages/cd/c0/76f93962fc79955fcba30a429b62304332345f22d4daec1cb33653425643/numpy-2.4.3-cp313-cp313-win32.whl", hash = "sha256:d71e379452a2f670ccb689ec801b1218cd3983e253105d6e83780967e899d687" },
    { url = "https://files.pythonhosted.org/packages/b1/3c/88af0040119209b9b5cb59485fa48b76f372c73068dbf9254784b975ac53/numpy-2.4.3-cp313-cp313-win_amd64.whl", hash = "sha256:0a60e17a14d640f49146cb38e3f105f571318db7826d9b6fef7e4dce758faecd" },
    { url = "https://files.pythonhosted.org/packages/58/ce/3d07743aced3d173f877c3ef6a454c2174ba42b584ab0b7e6d99374f51ed/numpy-2.4.3-cp313-cp313-win_arm64.whl", hash = "sha256:c9619741e9da2059cd9c3f206110b97583c7152c1dc9f8aafd4beb450ac1c89d" },
    { url = "https://files.pythonhosted.org/packages/62/09/d96b02a91d09e9d97862f4fc8bfebf5400f567d8eb1fe4b0cc4795679c15/numpy-2.4.3-cp313-cp313t-macosx_11_0_arm64.whl", hash = "sha256:7aa4e54f6469300ebca1d9eb80acd5253cdfa36f2c03d79a35883687da430875" },
    { url = "https://files.pythonhosted.org/packages/b5/ca/0b1aba3905fdfa3373d523b2b15b19029f4f3031c87f4066bd9d20ef6c6b/numpy-2.4.3-cp313-cp313t-macosx_14_0_arm64.whl", hash = "sha256:d1b90d840b25874cf5cd20c219af10bac3667db3876d9a495609273ebe679070" },
    { url = "https://files.pythonhosted.org/packages/c0/63/406e0fd32fcaeb94180fd6a4c41e55736d676c54346b7efbce548b94a914/numpy-2.4.3-cp313-cp313t-macosx_14_0_x86_64.whl", hash = "sha256:a749547700de0a20a6718293396ec237bb38218049cfce788e08fcb716e8cf73" },
    { url = "https://files.pythonhosted.org/packages/b6/d0/10f7dc157d4b37af92720a196be6f54f889e90dcd30dce9dc657ed92c257/numpy-2.4.3-cp313-cp313t-manylinux_2_27_aarch64.manylinux_2_28_aarch64.whl", hash = "sha256:94f3c4a151a2e529adf49c1d54f0f57ff8f9b233ee4d44af623a81553ab86368" },
    { url = "https://files.pythonhosted.org/packages/66/f1/d1c2bf1161396629701bc284d958dc1efa3a5a542aab83cf11ee6eb4cba5/numpy-2.4.3-cp313-cp313t-manylinux_2_27_x86_64.manylinux_2_28_x86_64.whl", hash = "sha256:22c31dc07025123aedf7f2db9e91783df13f1776dc52c6b22c620870dc0fab22" },
    { url = "https://files.pythonhosted.org/packages/1a/be/cca19230b740af199ac47331a21c71e7a3d0ba59661350483c1600d28c37/numpy-2.4.3-cp313-cp313t-musllinux_1_2_aarch64.whl", hash = "sha256:148d59127ac95979d6f07e4d460f934ebdd6eed641db9c0db6c73026f2b2101a" },
    { url = "https://files.pythonhosted.org/packages/b9/c5/9602b0cbb703a0936fb40f8a95407e8171935b15846de2f0776e08af04c7/numpy-2.4.3-cp313-cp313t-musllinux_1_2_x86_64.whl", hash = "sha256:a97cbf7e905c435865c2d939af3d93f99d18eaaa3cabe4256f4304fb51604349" },
    { url = "https://files.pythonhosted.org/packages/ed/81/9f24708953cd30be9ee36ec4778f4b112b45165812f2ada4cc5ea1c1f254/numpy-2.4.3-cp313-cp313t-win32.whl", hash = "sha256:be3b8487d725a77acccc9924f65fd8bce9af7fac8c9820df1049424a2115af6c" },
    { url = "https://files.pythonhosted.org/packages/e2/9e/52f6eaa13e1a799f0ab79066c17f7016a4a8ae0c1aefa58c82b4dab690b4/numpy-2.4.3-cp313-cp313t-win_amd64.whl", hash = "sha256:1ec84fd7c8e652b0f4aaaf2e6e9cc8eaa9b1b80a537e06b2e3a2fb176eedcb26" },
    { url = "https://files.pythonhosted.org/packages/c4/04/b8cece6ead0b30c9fbd99bb835ad7ea0112ac5f39f069788c5558e3b1ab2/numpy-2.4.3-cp313-cp313t-win_arm64.whl", hash = "sha256:120df8c0a81ebbf5b9020c91439fccd85f5e018a927a39f624845be194a2be02" },
]

[[package]]
name = "setuptools"
version = "70.2.0"
source = { registry = "https://download.pytorch.org/whl/cpu" }
wheels = [
    { url = "https://download.pytorch.org/whl/setuptools-70.2.0-py3-none-any.whl", hash = "sha256:b8b8060bb426838fbe942479c90296ce976249451118ef566a5a0b7d8b78fb05", upload-time = "2025-01-30T19:44:58Z" },
]

[[package]]
name = "sfsim"
version = "0.17.post1"
source = { editable = "." }
dependencies = [
    { name = "numpy" },
    { name = "torch", version = "2.11.0", source = { registry = "https://download.pytorch.org/whl/cpu" }, marker = "sys_platform == 'darwin'" },
    { name = "torch", version = "2.11.0+cpu", source = { registry = "https://download.pytorch.org/whl/cpu" }, marker = "sys_platform != 'darwin'" },
]

[package.metadata]
requires-dist = [
    { name = "numpy", index = "https://download.pytorch.org/whl/cpu" },
    { name = "torch", index = "https://download.pytorch.org/whl/cpu" },
]

[[package]]
name = "sympy"
version = "1.14.0"
source = { registry = "https://download.pytorch.org/whl/cpu" }
dependencies = [
    { name = "mpmath" },
]
sdist = { url = "https://files.pythonhosted.org/packages/83/d3/803453b36afefb7c2bb238361cd4ae6125a569b4db67cd9e79846ba2d68c/sympy-1.14.0.tar.gz", hash = "sha256:d3d3fe8df1e5a0b42f0e7bdf50541697dbe7d23746e894990c030e2b05e72517" }
wheels = [
    { url = "https://files.pythonhosted.org/packages/a2/09/77d55d46fd61b4a135c444fc97158ef34a095e5681d0a6c10b75bf356191/sympy-1.14.0-py3-none-any.whl", hash = "sha256:e091cc3e99d2141a0ba2847328f5479b05d94a6635cb96148ccb3f34671bd8f5" },
]

[[package]]
name = "torch"
version = "2.11.0"
source = { registry = "https://download.pytorch.org/whl/cpu" }
resolution-markers = [
    "sys_platform == 'darwin'",
]
dependencies = [
    { name = "filelock", marker = "sys_platform == 'darwin'" },
    { name = "fsspec", marker = "sys_platform == 'darwin'" },
    { name = "jinja2", marker = "sys_platform == 'darwin'" },
    { name = "networkx", marker = "sys_platform == 'darwin'" },
    { name = "setuptools", marker = "sys_platform == 'darwin'" },
    { name = "sympy", marker = "sys_platform == 'darwin'" },
    { name = "typing-extensions", marker = "sys_platform == 'darwin'" },
]
wheels = [
    { url = "https://download-r2.pytorch.org/whl/cpu/torch-2.11.0-cp313-cp313-macosx_11_0_arm64.whl", hash = "sha256:442ec9dc78592564fdad69cf0beaa9da2f82ab810ccb4f13903869a90bf3f15d", upload-time = "2026-03-23T15:17:02Z" },
    { url = "https://download-r2.pytorch.org/whl/cpu/torch-2.11.0-cp313-cp313t-macosx_11_0_arm64.whl", hash = "sha256:cc3a195701bba2239c313ee311487f80f8aaebe9e89b9073dddbcf2f93b5a0ba", upload-time = "2026-03-23T15:17:06Z" },
]

[[package]]
name = "torch"
version = "2.11.0+cpu"
source = { registry = "https://download.pytorch.org/whl/cpu" }
resolution-markers = [
    "sys_platform != 'darwin'",
]
dependencies = [
    { name = "filelock", marker = "sys_platform != 'darwin'" },
    { name = "fsspec", marker = "sys_platform != 'darwin'" },
    { name = "jinja2", marker = "sys_platform != 'darwin'" },
    { name = "networkx", marker = "sys_platform != 'darwin'" },
    { name = "setuptools", marker = "sys_platform != 'darwin'" },
    { name = "sympy", marker = "sys_platform != 'darwin'" },
    { name = "typing-extensions", marker = "sys_platform != 'darwin'" },
]
wheels = [
    { url = "https://download-r2.pytorch.org/whl/cpu/torch-2.11.0%2Bcpu-cp313-cp313-linux_s390x.whl", hash = "sha256:d1eff25ccc454faf21c9666c81bfab8e405e87c12d300708d4559620bc191a36", upload-time = "2026-04-28T00:06:42Z" },
    { url = "https://download-r2.pytorch.org/whl/cpu/torch-2.11.0%2Bcpu-cp313-cp313-manylinux_2_28_aarch64.whl", hash = "sha256:48b3e21a311445acdd0b27f13830e21d93adef70d4721e051e9f059baeb9b8f9", upload-time = "2026-04-28T00:06:51Z" },
    { url = "https://download-r2.pytorch.org/whl/cpu/torch-2.11.0%2Bcpu-cp313-cp313-manylinux_2_28_x86_64.whl", hash = "sha256:45025d7752dbc6b4c784c03afaee9c5f19730ce084b2e43fc9a2fe1677d9ff86", upload-time = "2026-04-28T00:07:02Z" },
    { url = "https://download-r2.pytorch.org/whl/cpu/torch-2.11.0%2Bcpu-cp313-cp313-win_amd64.whl", hash = "sha256:ed70d4a4fc9f8b826c02fa1a9800a83820fb2fa6ae607680b53390f9ef394d85", upload-time = "2026-04-28T00:07:12Z" },
    { url = "https://download-r2.pytorch.org/whl/cpu/torch-2.11.0%2Bcpu-cp313-cp313t-linux_s390x.whl", hash = "sha256:65d427a196ab0abe359b93c5bffedd76ded02df2b1b1d2d9f11a2609b69f426a", upload-time = "2026-04-28T00:07:19Z" },
    { url = "https://download-r2.pytorch.org/whl/cpu/torch-2.11.0%2Bcpu-cp313-cp313t-manylinux_2_28_aarch64.whl", hash = "sha256:8f13dc7075ae04ca5f876a9f40b4e47522a04c23e30824b4409f42a3f3e57aa4", upload-time = "2026-04-28T00:07:27Z" },
    { url = "https://download-r2.pytorch.org/whl/cpu/torch-2.11.0%2Bcpu-cp313-cp313t-manylinux_2_28_x86_64.whl", hash = "sha256:8713bb8679376ea0ec25742100b6cfb8447e0904c48bddefb9eb0ac1abbfa60a", upload-time = "2026-04-28T00:07:37Z" },
    { url = "https://download-r2.pytorch.org/whl/cpu/torch-2.11.0%2Bcpu-cp313-cp313t-win_amd64.whl", hash = "sha256:62ec1f1694c185f601eab74eb7fc0e8e10c64c06ae82f13c3592774c231c4877", upload-time = "2026-04-28T00:07:47Z" },
]

[[package]]
name = "typing-extensions"
version = "4.15.0"
source = { registry = "https://download.pytorch.org/whl/cpu" }
wheels = [
    { url = "https://download.pytorch.org/whl/typing_extensions-4.15.0-py3-none-any.whl" },
]
